
Microsoft Visual Studio Solution File, Format Version 12.00
# Visual Studio Version 16
VisualStudioVersion = 16.0.30011.22
MinimumVisualStudioVersion = 10.0.40219.1
Project("{FAE04EC0-301F-11D3-BF4B-00C04F79EFBC}") = "DataAccess", "DataAccess\DataAccess.csproj", "{0CA3CE46-FC2F-45E1-8E97-39F8A07F8FF6}"
EndProject
Project("{FAE04EC0-301F-11D3-BF4B-00C04F79EFBC}") = "Business", "Business\Business.csproj", "{97CDE536-8869-4061-B663-B22C78E842A9}"
EndProject
Project("{FAE04EC0-301F-11D3-BF4B-00C04F79EFBC}") = "Entities", "Entities\Entities.csproj", "{A7667EB4-4A83-45C5-BFD6-A116449F41AE}"
EndProject
Project("{FAE04EC0-301F-11D3-BF4B-00C04F79EFBC}") = "ConsoleUI", "ConsoleUI\ConsoleUI.csproj", "{6A93DAA3-9217-4A2D-91D3-14F45784829F}"
EndProject
Global
	GlobalSection(SolutionConfigurationPlatforms) = preSolution
		Debug|Any CPU = Debug|Any CPU
		Release|Any CPU = Release|Any CPU
	EndGlobalSection
	GlobalSection(ProjectConfigurationPlatforms) = postSolution
		{0CA3CE46-FC2F-45E1-8E97-39F8A07F8FF6}.Debug|Any CPU.ActiveCfg = Debug|Any CPU
		{0CA3CE46-FC2F-45E1-8E97-39F8A07F8FF6}.Debug|Any CPU.Build.0 = Debug|Any CPU
		{0CA3CE46-FC2F-45E1-8E97-39F8A07F8FF6}.Release|Any CPU.ActiveCfg = Release|Any CPU
		{0CA3CE46-FC2F-45E1-8E97-39F8A07F8FF6}.Release|Any CPU.Build.0 = Release|Any CPU
		{97CDE536-8869-4061-B663-B22C78E842A9}.Debug|Any CPU.ActiveCfg = Debug|Any CPU
		{97CDE536-8869-4061-B663-B22C78E842A9}.Debug|Any CPU.Build.0 = Debug|Any CPU
		{97CDE536-8869-4061-B663-B22C78E842A9}.Release|Any CPU.ActiveCfg = Release|Any CPU
		{97CDE536-8869-4061-B663-B22C78E842A9}.Release|Any CPU.Build.0 = Release|Any CPU
		{A7667EB4-4A83-45C5-BFD6-A116449F41AE}.Debug|Any CPU.ActiveCfg = Debug|Any CPU
		{A7667EB4-4A83-45C5-BFD6-A116449F41AE}.Debug|Any CPU.Build.0 = Debug|Any CPU
		{A7667EB4-4A83-45C5-BFD6-A116449F41AE}.Release|Any CPU.ActiveCfg = Release|Any CPU
		{A7667EB4-4A83-45C5-BFD6-A116449F41AE}.Release|Any CPU.Build.0 = Release|Any CPU
		{6A93DAA3-9217-4A2D-91D3-14F45784829F}.Debug|Any CPU.ActiveCfg = Debug|Any CPU
		{6A93DAA3-9217-4A2D-91D3-14F45784829F}.Debug|Any CPU.Build.0 = Debug|Any CPU
		{6A93DAA3-9217-4A2D-91D3-14F45784829F}.Release|Any CPU.ActiveCfg = Release|Any CPU
		{6A93DAA3-9217-4A2D-91D3-14F45784829F}.Release|Any CPU.Build.0 = Release|Any CPU
	EndGlobalSection
	GlobalSection(SolutionProperties) = preSolution
		HideSolutionNode = FALSE
	EndGlobalSection
	GlobalSection(ExtensibilityGlobals) = postSolution
		SolutionGuid = {81F0CC1B-0B5C-4C69-8B26-DB33C5B58205}
	EndGlobalSection
EndGlobal
